<?xml version="1.0" encoding="utf-8"?>
<Project ToolsVersion="4.0" xmlns="http://schemas.microsoft.com/developer/msbuild/2003">
  <ItemGroup>
    <Filter Include="Sources">
      <UniqueIdentifier>{ed3a230e-3f47-4ada-b14b-b154bb87d7cf}</UniqueIdentifier>
    </Filter>
    <Filter Include="DX12_HelloCube">
      <UniqueIdentifier>{fb55cbe0-1f9a-43e8-8de9-9898955ed8af}</UniqueIdentifier>
    </Filter>
    <Filter Include="Interfaces">
      <UniqueIdentifier>{d1bcdb90-f6b0-4f2d-b78f-af93a06c4e08}</UniqueIdentifier>
    </Filter>
    <Filter Include="Includes">
      <UniqueIdentifier>{8752e616-bdfc-4485-8eec-1afa524e9213}</UniqueIdentifier>
    </Filter>
    <Filter Include="Shaders">
      <UniqueIdentifier>{3fd82eb1-b2fd-4da2-bd4f-95fedd67f03a}</UniqueIdentifier>
    </Filter>
  </ItemGroup>
  <ItemGroup>
    <ClCompile Include="DX12_HelloCube\main.cpp">
      <Filter>DX12_HelloCube</Filter>
    </ClCompile>
    <ClCompile Include="Sources\CMemory.cpp">
      <Filter>Sources</Filter>
    </ClCompile>
    <ClCompile Include="Sources\CConsole.cpp">
      <Filter>Sources</Filter>
    </ClCompile>
    <ClCompile Include="Sources\CWindow.cpp">
      <Filter>Sources</Filter>
    </ClCompile>
    <ClCompile Include="Sources\CRenderer.cpp">
      <Filter>Sources</Filter>
    </ClCompile>
    <ClCompile Include="DX12_HelloCube\DX12_HelloCube.cpp">
      <Filter>DX12_HelloCube</Filter>
    </ClCompile>
    <ClCompile Include="Sources\CBase.cpp">
      <Filter>Sources</Filter>
    </ClCompile>
  </ItemGroup>
  <ItemGroup>
    <ClInclude Include="Interfaces\IWindow.hpp">
      <Filter>Interfaces</Filter>
    </ClInclude>
    <ClInclude Include="Sources\CMemory.hpp">
      <Filter>Sources</Filter>
    </ClInclude>
    <ClInclude Include="Sources\CRenderer.hpp">
      <Filter>Sources</Filter>
    </ClInclude>
    <ClInclude Include="Sources\CWindow.hpp">
      <Filter>Sources</Filter>
    </ClInclude>
    <ClInclude Include="Sources\CConsole.hpp">
      <Filter>Sources</Filter>
    </ClInclude>
    <ClInclude Include="Interfaces\Console.hpp">
      <Filter>Interfaces</Filter>
    </ClInclude>
    <ClInclude Include="Interfaces\Memory.hpp">
      <Filter>Interfaces</Filter>
    </ClInclude>
    <ClInclude Include="Interfaces\IRenderer.hpp">
      <Filter>Interfaces</Filter>
    </ClInclude>
    <ClInclude Include="Includes\Defines.hpp">
      <Filter>Includes</Filter>
    </ClInclude>
    <ClInclude Include="DX12_HelloCube\DX12_HelloCube.hpp">
      <Filter>DX12_HelloCube</Filter>
    </ClInclude>
    <ClInclude Include="DX12_HelloCube\Config.hpp">
      <Filter>DX12_HelloCube</Filter>
    </ClInclude>
  </ItemGroup>
  <ItemGroup>
    <FxCompile Include="Shaders\VertexShader.hlsl">
      <Filter>Shaders</Filter>
    </FxCompile>
    <FxCompile Include="Shaders\PixelShader.hlsl">
      <Filter>Shaders</Filter>
    </FxCompile>
  </ItemGroup>
  <ItemGroup>
    <None Include="Sources\CBase.hpp">
      <Filter>Sources</Filter>
    </None>
  </ItemGroup>
</Project>